
Microsoft Visual Studio Solution File, Format Version 12.00
# Visual Studio Version 16
VisualStudioVersion = 16.0.30711.63
MinimumVisualStudioVersion = 10.0.40219.1
Project("{FAE04EC0-301F-11D3-BF4B-00C04F79EFBC}") = "FourierTransformFFT", "FourierTransformFFT\FourierTransformFFT.csproj", "{C9777CEE-3887-47EF-828B-0BB1CB0CCD10}"
EndProject
Global
	GlobalSection(SolutionConfigurationPlatforms) = preSolution
		Debug|Any CPU = Debug|Any CPU
		Release|Any CPU = Release|Any CPU
	EndGlobalSection
	GlobalSection(ProjectConfigurationPlatforms) = postSolution
		{C9777CEE-3887-47EF-828B-0BB1CB0CCD10}.Debug|Any CPU.ActiveCfg = Debug|Any CPU
		{C9777CEE-3887-47EF-828B-0BB1CB0CCD10}.Debug|Any CPU.Build.0 = Debug|Any CPU
		{C9777CEE-3887-47EF-828B-0BB1CB0CCD10}.Release|Any CPU.ActiveCfg = Release|Any CPU
		{C9777CEE-3887-47EF-828B-0BB1CB0CCD10}.Release|Any CPU.Build.0 = Release|Any CPU
	EndGlobalSection
	GlobalSection(SolutionProperties) = preSolution
		HideSolutionNode = FALSE
	EndGlobalSection
	GlobalSection(ExtensibilityGlobals) = postSolution
		SolutionGuid = {860708C4-1B42-4134-B281-05275AF6240C}
	EndGlobalSection
EndGlobal
